// !$*UTF8*$!
{
	archiveVersion = 1;
	classes = {
	};
	objectVersion = 56;
	objects = {

/* Begin PBXBuildFile section */
		39204B852B782E21006DCA42 /* TTTx4App.swift in Sources */ = {isa = PBXBuildFile; fileRef = 39204B842B782E21006DCA42 /* TTTx4App.swift */; };
		39204B872B782E21006DCA42 /* StartView.swift in Sources */ = {isa = PBXBuildFile; fileRef = 39204B862B782E21006DCA42 /* StartView.swift */; };
		39204B892B782E26006DCA42 /* Assets.xcassets in Resources */ = {isa = PBXBuildFile; fileRef = 39204B882B782E26006DCA42 /* Assets.xcassets */; };
		39204B8C2B782E26006DCA42 /* Preview Assets.xcassets in Resources */ = {isa = PBXBuildFile; fileRef = 39204B8B2B782E26006DCA42 /* Preview Assets.xcassets */; };
		39C8F1112B784F9300BA2ADB /* Launch Screen.storyboard in Resources */ = {isa = PBXBuildFile; fileRef = 39C8F1102B784F9300BA2ADB /* Launch Screen.storyboard */; };
		39C8F1142B7852CD00BA2ADB /* GameModels.swift in Sources */ = {isa = PBXBuildFile; fileRef = 39C8F1132B7852CD00BA2ADB /* GameModels.swift */; };
		39C8F1182B78635100BA2ADB /* GameView.swift in Sources */ = {isa = PBXBuildFile; fileRef = 39C8F1172B78635100BA2ADB /* GameView.swift */; };
		39C8F11D2B78768A00BA2ADB /* GameService.swift in Sources */ = {isa = PBXBuildFile; fileRef = 39C8F11C2B78768A00BA2ADB /* GameService.swift */; };
		39C8F11F2B787E4400BA2ADB /* GameSquare.swift in Sources */ = {isa = PBXBuildFile; fileRef = 39C8F11E2B787E4400BA2ADB /* GameSquare.swift */; };
		39C8F1212B787FAF00BA2ADB /* SquareView.swift in Sources */ = {isa = PBXBuildFile; fileRef = 39C8F1202B787FAF00BA2ADB /* SquareView.swift */; };
/* End PBXBuildFile section */

/* Begin PBXFileReference section */
		39204B812B782E21006DCA42 /* TTTx4.app */ = {isa = PBXFileReference; explicitFileType = wrapper.application; includeInIndex = 0; path = TTTx4.app; sourceTree = BUILT_PRODUCTS_DIR; };
		39204B842B782E21006DCA42 /* TTTx4App.swift */ = {isa = PBXFileReference; lastKnownFileType = sourcecode.swift; path = TTTx4App.swift; sourceTree = "<group>"; };
		39204B862B782E21006DCA42 /* StartView.swift */ = {isa = PBXFileReference; lastKnownFileType = sourcecode.swift; path = StartView.swift; sourceTree = "<group>"; };
		39204B882B782E26006DCA42 /* Assets.xcassets */ = {isa = PBXFileReference; lastKnownFileType = folder.assetcatalog; path = Assets.xcassets; sourceTree = "<group>"; };
		39204B8B2B782E26006DCA42 /* Preview Assets.xcassets */ = {isa = PBXFileReference; lastKnownFileType = folder.assetcatalog; path = "Preview Assets.xcassets"; sourceTree = "<group>"; };
		39C8F1102B784F9300BA2ADB /* Launch Screen.storyboard */ = {isa = PBXFileReference; lastKnownFileType = file.storyboard; path = "Launch Screen.storyboard"; sourceTree = "<group>"; };
		39C8F1132B7852CD00BA2ADB /* GameModels.swift */ = {isa = PBXFileReference; lastKnownFileType = sourcecode.swift; path = GameModels.swift; sourceTree = "<group>"; };
		39C8F1172B78635100BA2ADB /* GameView.swift */ = {isa = PBXFileReference; lastKnownFileType = sourcecode.swift; path = GameView.swift; sourceTree = "<group>"; };
		39C8F11C2B78768A00BA2ADB /* GameService.swift */ = {isa = PBXFileReference; lastKnownFileType = sourcecode.swift; path = GameService.swift; sourceTree = "<group>"; };
		39C8F11E2B787E4400BA2ADB /* GameSquare.swift */ = {isa = PBXFileReference; lastKnownFileType = sourcecode.swift; path = GameSquare.swift; sourceTree = "<group>"; };
		39C8F1202B787FAF00BA2ADB /* SquareView.swift */ = {isa = PBXFileReference; lastKnownFileType = sourcecode.swift; path = SquareView.swift; sourceTree = "<group>"; };
/* End PBXFileReference section */

/* Begin PBXFrameworksBuildPhase section */
		39204B7E2B782E21006DCA42 /* Frameworks */ = {
			isa = PBXFrameworksBuildPhase;
			buildActionMask = 2147483647;
			files = (
			);
			runOnlyForDeploymentPostprocessing = 0;
		};
/* End PBXFrameworksBuildPhase section */

/* Begin PBXGroup section */
		39204B782B782E21006DCA42 = {
			isa = PBXGroup;
			children = (
				39204B832B782E21006DCA42 /* TTTx4 */,
				39204B822B782E21006DCA42 /* Products */,
			);
			sourceTree = "<group>";
		};
		39204B822B782E21006DCA42 /* Products */ = {
			isa = PBXGroup;
			children = (
				39204B812B782E21006DCA42 /* TTTx4.app */,
			);
			name = Products;
			sourceTree = "<group>";
		};
		39204B832B782E21006DCA42 /* TTTx4 */ = {
			isa = PBXGroup;
			children = (
				39204B842B782E21006DCA42 /* TTTx4App.swift */,
				39204B862B782E21006DCA42 /* StartView.swift */,
				39C8F1192B786A2700BA2ADB /* Utilities */,
				39C8F1162B78632400BA2ADB /* Game Screen */,
				39C8F1122B7852A600BA2ADB /* Models */,
				39204B882B782E26006DCA42 /* Assets.xcassets */,
				39C8F1102B784F9300BA2ADB /* Launch Screen.storyboard */,
				39204B8A2B782E26006DCA42 /* Preview Content */,
			);
			path = TTTx4;
			sourceTree = "<group>";
		};
		39204B8A2B782E26006DCA42 /* Preview Content */ = {
			isa = PBXGroup;
			children = (
				39204B8B2B782E26006DCA42 /* Preview Assets.xcassets */,
			);
			path = "Preview Content";
			sourceTree = "<group>";
		};
		39C8F1122B7852A600BA2ADB /* Models */ = {
			isa = PBXGroup;
			children = (
				39C8F1132B7852CD00BA2ADB /* GameModels.swift */,
			);
			path = Models;
			sourceTree = "<group>";
		};
		39C8F1162B78632400BA2ADB /* Game Screen */ = {
			isa = PBXGroup;
			children = (
				39C8F1172B78635100BA2ADB /* GameView.swift */,
				39C8F11C2B78768A00BA2ADB /* GameService.swift */,
				39C8F11E2B787E4400BA2ADB /* GameSquare.swift */,
				39C8F1202B787FAF00BA2ADB /* SquareView.swift */,
			);
			path = "Game Screen";
			sourceTree = "<group>";
		};
		39C8F1192B786A2700BA2ADB /* Utilities */ = {
			isa = PBXGroup;
			children = (
			);
			path = Utilities;
			sourceTree = "<group>";
		};
/* End PBXGroup section */

/* Begin PBXNativeTarget section */
		39204B802B782E21006DCA42 /* TTTx4 */ = {
			isa = PBXNativeTarget;
			buildConfigurationList = 39204B8F2B782E26006DCA42 /* Build configuration list for PBXNativeTarget "TTTx4" */;
			buildPhases = (
				39204B7D2B782E21006DCA42 /* Sources */,
				39204B7E2B782E21006DCA42 /* Frameworks */,
				39204B7F2B782E21006DCA42 /* Resources */,
			);
			buildRules = (
			);
			dependencies = (
			);
			name = TTTx4;
			productName = TTTx4;
			productReference = 39204B812B782E21006DCA42 /* TTTx4.app */;
			productType = "com.apple.product-type.application";
		};
/* End PBXNativeTarget section */

/* Begin PBXProject section */
		39204B792B782E21006DCA42 /* Project object */ = {
			isa = PBXProject;
			attributes = {
				BuildIndependentTargetsInParallel = 1;
				LastSwiftUpdateCheck = 1520;
				LastUpgradeCheck = 1520;
				TargetAttributes = {
					39204B802B782E21006DCA42 = {
						CreatedOnToolsVersion = 15.2;
					};
				};
			};
			buildConfigurationList = 39204B7C2B782E21006DCA42 /* Build configuration list for PBXProject "TTTx4" */;
			compatibilityVersion = "Xcode 14.0";
			developmentRegion = en;
			hasScannedForEncodings = 0;
			knownRegions = (
				en,
				Base,
			);
			mainGroup = 39204B782B782E21006DCA42;
			productRefGroup = 39204B822B782E21006DCA42 /* Products */;
			projectDirPath = "";
			projectRoot = "";
			targets = (
				39204B802B782E21006DCA42 /* TTTx4 */,
			);
		};
/* End PBXProject section */

/* Begin PBXResourcesBuildPhase section */
		39204B7F2B782E21006DCA42 /* Resources */ = {
			isa = PBXResourcesBuildPhase;
			buildActionMask = 2147483647;
			files = (
				39C8F1112B784F9300BA2ADB /* Launch Screen.storyboard in Resources */,
				39204B8C2B782E26006DCA42 /* Preview Assets.xcassets in Resources */,
				39204B892B782E26006DCA42 /* Assets.xcassets in Resources */,
			);
			runOnlyForDeploymentPostprocessing = 0;
		};
/* End PBXResourcesBuildPhase section */

/* Begin PBXSourcesBuildPhase section */
		39204B7D2B782E21006DCA42 /* Sources */ = {
			isa = PBXSourcesBuildPhase;
			buildActionMask = 2147483647;
			files = (
				39204B872B782E21006DCA42 /* StartView.swift in Sources */,
				39C8F1142B7852CD00BA2ADB /* GameModels.swift in Sources */,
				39C8F11D2B78768A00BA2ADB /* GameService.swift in Sources */,
				39C8F1182B78635100BA2ADB /* GameView.swift in Sources */,
				39204B852B782E21006DCA42 /* TTTx4App.swift in Sources */,
				39C8F11F2B787E4400BA2ADB /* GameSquare.swift in Sources */,
				39C8F1212B787FAF00BA2ADB /* SquareView.swift in Sources */,
			);
			runOnlyForDeploymentPostprocessing = 0;
		};
/* End PBXSourcesBuildPhase section */

/* Begin XCBuildConfiguration section */
		39204B8D2B782E26006DCA42 /* Debug */ = {
			isa = XCBuildConfiguration;
			buildSettings = {
				ALWAYS_SEARCH_USER_PATHS = NO;
				ASSETCATALOG_COMPILER_GENERATE_SWIFT_ASSET_SYMBOL_EXTENSIONS = YES;
				CLANG_ANALYZER_NONNULL = YES;
				CLANG_ANALYZER_NUMBER_OBJECT_CONVERSION = YES_AGGRESSIVE;
				CLANG_CXX_LANGUAGE_STANDARD = "gnu++20";
				CLANG_ENABLE_MODULES = YES;
				CLANG_ENABLE_OBJC_ARC = YES;
				CLANG_ENABLE_OBJC_WEAK = YES;
				CLANG_WARN_BLOCK_CAPTURE_AUTORELEASING = YES;
				CLANG_WARN_BOOL_CONVERSION = YES;
				CLANG_WARN_COMMA = YES;
				CLANG_WARN_CONSTANT_CONVERSION = YES;
				CLANG_WARN_DEPRECATED_OBJC_IMPLEMENTATIONS = YES;
				CLANG_WARN_DIRECT_OBJC_ISA_USAGE = YES_ERROR;
				CLANG_WARN_DOCUMENTATION_COMMENTS = YES;
				CLANG_WARN_EMPTY_BODY = YES;
				CLANG_WARN_ENUM_CONVERSION = YES;
				CLANG_WARN_INFINITE_RECURSION = YES;
				CLANG_WARN_INT_CONVERSION = YES;
				CLANG_WARN_NON_LITERAL_NULL_CONVERSION = YES;
				CLANG_WARN_OBJC_IMPLICIT_RETAIN_SELF = YES;
				CLANG_WARN_OBJC_LITERAL_CONVERSION = YES;
				CLANG_WARN_OBJC_ROOT_CLASS = YES_ERROR;
				CLANG_WARN_QUOTED_INCLUDE_IN_FRAMEWORK_HEADER = YES;
				CLANG_WARN_RANGE_LOOP_ANALYSIS = YES;
				CLANG_WARN_STRICT_PROTOTYPES = YES;
				CLANG_WARN_SUSPICIOUS_MOVE = YES;
				CLANG_WARN_UNGUARDED_AVAILABILITY = YES_AGGRESSIVE;
				CLANG_WARN_UNREACHABLE_CODE = YES;
				CLANG_WARN__DUPLICATE_METHOD_MATCH = YES;
				COPY_PHASE_STRIP = NO;
				DEBUG_INFORMATION_FORMAT = dwarf;
				ENABLE_STRICT_OBJC_MSGSEND = YES;
				ENABLE_TESTABILITY = YES;
				ENABLE_USER_SCRIPT_SANDBOXING = YES;
				GCC_C_LANGUAGE_STANDARD = gnu17;
				GCC_DYNAMIC_NO_PIC = NO;
				GCC_NO_COMMON_BLOCKS = YES;
				GCC_OPTIMIZATION_LEVEL = 0;
				GCC_PREPROCESSOR_DEFINITIONS = (
					"DEBUG=1",
					"$(inherited)",
				);
				GCC_WARN_64_TO_32_BIT_CONVERSION = YES;
				GCC_WARN_ABOUT_RETURN_TYPE = YES_ERROR;
				GCC_WARN_UNDECLARED_SELECTOR = YES;
				GCC_WARN_UNINITIALIZED_AUTOS = YES_AGGRESSIVE;
				GCC_WARN_UNUSED_FUNCTION = YES;
				GCC_WARN_UNUSED_VARIABLE = YES;
				IPHONEOS_DEPLOYMENT_TARGET = 17.0;
				LOCALIZATION_PREFERS_STRING_CATALOGS = YES;
				MTL_ENABLE_DEBUG_INFO = INCLUDE_SOURCE;
				MTL_FAST_MATH = YES;
				ONLY_ACTIVE_ARCH = YES;
				SDKROOT = iphoneos;
				SWIFT_ACTIVE_COMPILATION_CONDITIONS = "DEBUG $(inherited)";
				SWIFT_OPTIMIZATION_LEVEL = "-Onone";
			};
			name = Debug;
		};
		39204B8E2B782E26006DCA42 /* Release */ = {
			isa = XCBuildConfiguration;
			buildSettings = {
				ALWAYS_SEARCH_USER_PATHS = NO;
				ASSETCATALOG_COMPILER_GENERATE_SWIFT_ASSET_SYMBOL_EXTENSIONS = YES;
				CLANG_ANALYZER_NONNULL = YES;
				CLANG_ANALYZER_NUMBER_OBJECT_CONVERSION = YES_AGGRESSIVE;
				CLANG_CXX_LANGUAGE_STANDARD = "gnu++20";
				CLANG_ENABLE_MODULES = YES;
				CLANG_ENABLE_OBJC_ARC = YES;
				CLANG_ENABLE_OBJC_WEAK = YES;
				CLANG_WARN_BLOCK_CAPTURE_AUTORELEASING = YES;
				CLANG_WARN_BOOL_CONVERSION = YES;
				CLANG_WARN_COMMA = YES;
				CLANG_WARN_CONSTANT_CONVERSION = YES;
				CLANG_WARN_DEPRECATED_OBJC_IMPLEMENTATIONS = YES;
				CLANG_WARN_DIRECT_OBJC_ISA_USAGE = YES_ERROR;
				CLANG_WARN_DOCUMENTATION_COMMENTS = YES;
				CLANG_WARN_EMPTY_BODY = YES;
				CLANG_WARN_ENUM_CONVERSION = YES;
				CLANG_WARN_INFINITE_RECURSION = YES;
				CLANG_WARN_INT_CONVERSION = YES;
				CLANG_WARN_NON_LITERAL_NULL_CONVERSION = YES;
				CLANG_WARN_OBJC_IMPLICIT_RETAIN_SELF = YES;
				CLANG_WARN_OBJC_LITERAL_CONVERSION = YES;
				CLANG_WARN_OBJC_ROOT_CLASS = YES_ERROR;
				CLANG_WARN_QUOTED_INCLUDE_IN_FRAMEWORK_HEADER = YES;
				CLANG_WARN_RANGE_LOOP_ANALYSIS = YES;
				CLANG_WARN_STRICT_PROTOTYPES = YES;
				CLANG_WARN_SUSPICIOUS_MOVE = YES;
				CLANG_WARN_UNGUARDED_AVAILABILITY = YES_AGGRESSIVE;
				CLANG_WARN_UNREACHABLE_CODE = YES;
				CLANG_WARN__DUPLICATE_METHOD_MATCH = YES;
				COPY_PHASE_STRIP = NO;
				DEBUG_INFORMATION_FORMAT = "dwarf-with-dsym";
				ENABLE_NS_ASSERTIONS = NO;
				ENABLE_STRICT_OBJC_MSGSEND = YES;
				ENABLE_USER_SCRIPT_SANDBOXING = YES;
				GCC_C_LANGUAGE_STANDARD = gnu17;
				GCC_NO_COMMON_BLOCKS = YES;
				GCC_WARN_64_TO_32_BIT_CONVERSION = YES;
				GCC_WARN_ABOUT_RETURN_TYPE = YES_ERROR;
				GCC_WARN_UNDECLARED_SELECTOR = YES;
				GCC_WARN_UNINITIALIZED_AUTOS = YES_AGGRESSIVE;
				GCC_WARN_UNUSED_FUNCTION = YES;
				GCC_WARN_UNUSED_VARIABLE = YES;
				IPHONEOS_DEPLOYMENT_TARGET = 17.0;
				LOCALIZATION_PREFERS_STRING_CATALOGS = YES;
				MTL_ENABLE_DEBUG_INFO = NO;
				MTL_FAST_MATH = YES;
				SDKROOT = iphoneos;
				SWIFT_COMPILATION_MODE = wholemodule;
				VALIDATE_PRODUCT = YES;
			};
			name = Release;
		};
		39204B902B782E26006DCA42 /* Debug */ = {
			isa = XCBuildConfiguration;
			buildSettings = {
				ASSETCATALOG_COMPILER_APPICON_NAME = AppIcon;
				ASSETCATALOG_COMPILER_GLOBAL_ACCENT_COLOR_NAME = AccentColor;
				CODE_SIGN_STYLE = Automatic;
				CURRENT_PROJECT_VERSION = 1;
				DEVELOPMENT_ASSET_PATHS = "\"TTTx4/Preview Content\"";
				DEVELOPMENT_TEAM = 2UX8C6M2N7;
				ENABLE_PREVIEWS = YES;
				GENERATE_INFOPLIST_FILE = YES;
				INFOPLIST_KEY_LSApplicationCategoryType = "public.app-category.games";
				INFOPLIST_KEY_UIApplicationSceneManifest_Generation = YES;
				INFOPLIST_KEY_UIApplicationSupportsIndirectInputEvents = YES;
				INFOPLIST_KEY_UILaunchScreen_Generation = YES;
				INFOPLIST_KEY_UILaunchStoryboardName = "Launch Screen.storyboard";
				INFOPLIST_KEY_UIStatusBarStyle = "";
				INFOPLIST_KEY_UISupportedInterfaceOrientations = UIInterfaceOrientationPortrait;
				INFOPLIST_KEY_UISupportedInterfaceOrientations_iPad = "UIInterfaceOrientationLandscapeLeft UIInterfaceOrientationLandscapeRight UIInterfaceOrientationPortrait UIInterfaceOrientationPortraitUpsideDown";
				IPHONEOS_DEPLOYMENT_TARGET = 17.0;
				LD_RUNPATH_SEARCH_PATHS = (
					"$(inherited)",
					"@executable_path/Frameworks",
				);
				MARKETING_VERSION = 1.0;
				PRODUCT_BUNDLE_IDENTIFIER = com.srikarpottabathula.TTTx4;
				PRODUCT_NAME = "$(TARGET_NAME)";
				SWIFT_EMIT_LOC_STRINGS = YES;
				SWIFT_VERSION = 5.0;
				TARGETED_DEVICE_FAMILY = "1,2";
			};
			name = Debug;
		};
		39204B912B782E26006DCA42 /* Release */ = {
			isa = XCBuildConfiguration;
			buildSettings = {
				ASSETCATALOG_COMPILER_APPICON_NAME = AppIcon;
				ASSETCATALOG_COMPILER_GLOBAL_ACCENT_COLOR_NAME = AccentColor;
				CODE_SIGN_STYLE = Automatic;
				CURRENT_PROJECT_VERSION = 1;
				DEVELOPMENT_ASSET_PATHS = "\"TTTx4/Preview Content\"";
				DEVELOPMENT_TEAM = 2UX8C6M2N7;
				ENABLE_PREVIEWS = YES;
				GENERATE_INFOPLIST_FILE = YES;
				INFOPLIST_KEY_LSApplicationCategoryType = "public.app-category.games";
				INFOPLIST_KEY_UIApplicationSceneManifest_Generation = YES;
				INFOPLIST_KEY_UIApplicationSupportsIndirectInputEvents = YES;
				INFOPLIST_KEY_UILaunchScreen_Generation = YES;
				INFOPLIST_KEY_UILaunchStoryboardName = "Launch Screen.storyboard";
				INFOPLIST_KEY_UIStatusBarStyle = "";
				INFOPLIST_KEY_UISupportedInterfaceOrientations = UIInterfaceOrientationPortrait;
				INFOPLIST_KEY_UISupportedInterfaceOrientations_iPad = "UIInterfaceOrientationLandscapeLeft UIInterfaceOrientationLandscapeRight UIInterfaceOrientationPortrait UIInterfaceOrientationPortraitUpsideDown";
				IPHONEOS_DEPLOYMENT_TARGET = 17.0;
				LD_RUNPATH_SEARCH_PATHS = (
					"$(inherited)",
					"@executable_path/Frameworks",
				);
				MARKETING_VERSION = 1.0;
				PRODUCT_BUNDLE_IDENTIFIER = com.srikarpottabathula.TTTx4;
				PRODUCT_NAME = "$(TARGET_NAME)";
				SWIFT_EMIT_LOC_STRINGS = YES;
				SWIFT_VERSION = 5.0;
				TARGETED_DEVICE_FAMILY = "1,2";
			};
			name = Release;
		};
/* End XCBuildConfiguration section */

/* Begin XCConfigurationList section */
		39204B7C2B782E21006DCA42 /* Build configuration list for PBXProject "TTTx4" */ = {
			isa = XCConfigurationList;
			buildConfigurations = (
				39204B8D2B782E26006DCA42 /* Debug */,
				39204B8E2B782E26006DCA42 /* Release */,
			);
			defaultConfigurationIsVisible = 0;
			defaultConfigurationName = Release;
		};
		39204B8F2B782E26006DCA42 /* Build configuration list for PBXNativeTarget "TTTx4" */ = {
			isa = XCConfigurationList;
			buildConfigurations = (
				39204B902B782E26006DCA42 /* Debug */,
				39204B912B782E26006DCA42 /* Release */,
			);
			defaultConfigurationIsVisible = 0;
			defaultConfigurationName = Release;
		};
/* End XCConfigurationList section */
	};
	rootObject = 39204B792B782E21006DCA42 /* Project object */;
}
